
Microsoft Visual Studio Solution File, Format Version 12.00
# Visual Studio Version 17
VisualStudioVersion = 17.0.31903.59
MinimumVisualStudioVersion = 10.0.40219.1
Project("{FAE04EC0-301F-11D3-BF4B-00C04F79EFBC}") = "Math Operations", "Math Operations\Math Operations.csproj", "{4D3E5C12-7891-423F-9484-08945FE7C243}"
EndProject
Project("{FAE04EC0-301F-11D3-BF4B-00C04F79EFBC}") = "Animals", "Animals\Animals.csproj", "{7E3F057D-E664-46B2-81D7-413359C7B69D}"
EndProject
Project("{FAE04EC0-301F-11D3-BF4B-00C04F79EFBC}") = "Shapes", "Shapes\Shapes.csproj", "{4EDA3D16-13DE-4AE7-90EC-428206EB848E}"
EndProject
Global
	GlobalSection(SolutionConfigurationPlatforms) = preSolution
		Debug|Any CPU = Debug|Any CPU
		Release|Any CPU = Release|Any CPU
	EndGlobalSection
	GlobalSection(ProjectConfigurationPlatforms) = postSolution
		{4D3E5C12-7891-423F-9484-08945FE7C243}.Debug|Any CPU.ActiveCfg = Debug|Any CPU
		{4D3E5C12-7891-423F-9484-08945FE7C243}.Debug|Any CPU.Build.0 = Debug|Any CPU
		{4D3E5C12-7891-423F-9484-08945FE7C243}.Release|Any CPU.ActiveCfg = Release|Any CPU
		{4D3E5C12-7891-423F-9484-08945FE7C243}.Release|Any CPU.Build.0 = Release|Any CPU
		{7E3F057D-E664-46B2-81D7-413359C7B69D}.Debug|Any CPU.ActiveCfg = Debug|Any CPU
		{7E3F057D-E664-46B2-81D7-413359C7B69D}.Debug|Any CPU.Build.0 = Debug|Any CPU
		{7E3F057D-E664-46B2-81D7-413359C7B69D}.Release|Any CPU.ActiveCfg = Release|Any CPU
		{7E3F057D-E664-46B2-81D7-413359C7B69D}.Release|Any CPU.Build.0 = Release|Any CPU
		{4EDA3D16-13DE-4AE7-90EC-428206EB848E}.Debug|Any CPU.ActiveCfg = Debug|Any CPU
		{4EDA3D16-13DE-4AE7-90EC-428206EB848E}.Debug|Any CPU.Build.0 = Debug|Any CPU
		{4EDA3D16-13DE-4AE7-90EC-428206EB848E}.Release|Any CPU.ActiveCfg = Release|Any CPU
		{4EDA3D16-13DE-4AE7-90EC-428206EB848E}.Release|Any CPU.Build.0 = Release|Any CPU
	EndGlobalSection
	GlobalSection(SolutionProperties) = preSolution
		HideSolutionNode = FALSE
	EndGlobalSection
	GlobalSection(ExtensibilityGlobals) = postSolution
		SolutionGuid = {3D288CFE-ED7A-4EDA-A0AF-C3F373518D2D}
	EndGlobalSection
EndGlobal
