
Microsoft Visual Studio Solution File, Format Version 12.00
# Visual Studio Version 17
VisualStudioVersion = 17.0.31903.59
MinimumVisualStudioVersion = 10.0.40219.1
Project("{FAE04EC0-301F-11D3-BF4B-00C04F79EFBC}") = "Computer Store", "Computer Store\Computer Store.csproj", "{1E6538C7-7628-426F-8DFF-486DE04151F2}"
EndProject
Project("{FAE04EC0-301F-11D3-BF4B-00C04F79EFBC}") = "The Lift", "The Lift\The Lift.csproj", "{8AB6C4EF-E23A-4C8B-95FA-689337EEFA03}"
EndProject
Global
	GlobalSection(SolutionConfigurationPlatforms) = preSolution
		Debug|Any CPU = Debug|Any CPU
		Release|Any CPU = Release|Any CPU
	EndGlobalSection
	GlobalSection(ProjectConfigurationPlatforms) = postSolution
		{1E6538C7-7628-426F-8DFF-486DE04151F2}.Debug|Any CPU.ActiveCfg = Debug|Any CPU
		{1E6538C7-7628-426F-8DFF-486DE04151F2}.Debug|Any CPU.Build.0 = Debug|Any CPU
		{1E6538C7-7628-426F-8DFF-486DE04151F2}.Release|Any CPU.ActiveCfg = Release|Any CPU
		{1E6538C7-7628-426F-8DFF-486DE04151F2}.Release|Any CPU.Build.0 = Release|Any CPU
		{8AB6C4EF-E23A-4C8B-95FA-689337EEFA03}.Debug|Any CPU.ActiveCfg = Debug|Any CPU
		{8AB6C4EF-E23A-4C8B-95FA-689337EEFA03}.Debug|Any CPU.Build.0 = Debug|Any CPU
		{8AB6C4EF-E23A-4C8B-95FA-689337EEFA03}.Release|Any CPU.ActiveCfg = Release|Any CPU
		{8AB6C4EF-E23A-4C8B-95FA-689337EEFA03}.Release|Any CPU.Build.0 = Release|Any CPU
	EndGlobalSection
	GlobalSection(SolutionProperties) = preSolution
		HideSolutionNode = FALSE
	EndGlobalSection
	GlobalSection(ExtensibilityGlobals) = postSolution
		SolutionGuid = {DDD31DAA-E4D3-485A-99E0-2AC371BBBA78}
	EndGlobalSection
EndGlobal
