
Microsoft Visual Studio Solution File, Format Version 12.00
# Visual Studio Version 17
VisualStudioVersion = 17.0.31903.59
MinimumVisualStudioVersion = 10.0.40219.1
Project("{FAE04EC0-301F-11D3-BF4B-00C04F79EFBC}") = "Sort Even Numbers", "Sort Even Numbers\Sort Even Numbers.csproj", "{58FE3C3B-2DB1-4740-8E8F-61A810E28BB4}"
EndProject
Project("{FAE04EC0-301F-11D3-BF4B-00C04F79EFBC}") = "Sum Numbers", "Sum Numbers\Sum Numbers.csproj", "{C962480B-AECB-4C21-A6EF-9CBC150DA9FD}"
EndProject
Project("{FAE04EC0-301F-11D3-BF4B-00C04F79EFBC}") = "Count Uppercase Words", "Count Uppercase Words\Count Uppercase Words.csproj", "{1AAB14B1-7795-40C6-BA4F-8A2B69725668}"
EndProject
Project("{FAE04EC0-301F-11D3-BF4B-00C04F79EFBC}") = "Add VAT", "Add VAT\Add VAT.csproj", "{7C115BE7-5298-449A-B70D-8B4F3480493F}"
EndProject
Project("{FAE04EC0-301F-11D3-BF4B-00C04F79EFBC}") = "Filter By Age", "Filter By Age\Filter By Age.csproj", "{A7F41D46-F147-4CCE-B030-CC0247677FE1}"
EndProject
Global
	GlobalSection(SolutionConfigurationPlatforms) = preSolution
		Debug|Any CPU = Debug|Any CPU
		Release|Any CPU = Release|Any CPU
	EndGlobalSection
	GlobalSection(ProjectConfigurationPlatforms) = postSolution
		{58FE3C3B-2DB1-4740-8E8F-61A810E28BB4}.Debug|Any CPU.ActiveCfg = Debug|Any CPU
		{58FE3C3B-2DB1-4740-8E8F-61A810E28BB4}.Debug|Any CPU.Build.0 = Debug|Any CPU
		{58FE3C3B-2DB1-4740-8E8F-61A810E28BB4}.Release|Any CPU.ActiveCfg = Release|Any CPU
		{58FE3C3B-2DB1-4740-8E8F-61A810E28BB4}.Release|Any CPU.Build.0 = Release|Any CPU
		{C962480B-AECB-4C21-A6EF-9CBC150DA9FD}.Debug|Any CPU.ActiveCfg = Debug|Any CPU
		{C962480B-AECB-4C21-A6EF-9CBC150DA9FD}.Debug|Any CPU.Build.0 = Debug|Any CPU
		{C962480B-AECB-4C21-A6EF-9CBC150DA9FD}.Release|Any CPU.ActiveCfg = Release|Any CPU
		{C962480B-AECB-4C21-A6EF-9CBC150DA9FD}.Release|Any CPU.Build.0 = Release|Any CPU
		{1AAB14B1-7795-40C6-BA4F-8A2B69725668}.Debug|Any CPU.ActiveCfg = Debug|Any CPU
		{1AAB14B1-7795-40C6-BA4F-8A2B69725668}.Debug|Any CPU.Build.0 = Debug|Any CPU
		{1AAB14B1-7795-40C6-BA4F-8A2B69725668}.Release|Any CPU.ActiveCfg = Release|Any CPU
		{1AAB14B1-7795-40C6-BA4F-8A2B69725668}.Release|Any CPU.Build.0 = Release|Any CPU
		{7C115BE7-5298-449A-B70D-8B4F3480493F}.Debug|Any CPU.ActiveCfg = Debug|Any CPU
		{7C115BE7-5298-449A-B70D-8B4F3480493F}.Debug|Any CPU.Build.0 = Debug|Any CPU
		{7C115BE7-5298-449A-B70D-8B4F3480493F}.Release|Any CPU.ActiveCfg = Release|Any CPU
		{7C115BE7-5298-449A-B70D-8B4F3480493F}.Release|Any CPU.Build.0 = Release|Any CPU
		{A7F41D46-F147-4CCE-B030-CC0247677FE1}.Debug|Any CPU.ActiveCfg = Debug|Any CPU
		{A7F41D46-F147-4CCE-B030-CC0247677FE1}.Debug|Any CPU.Build.0 = Debug|Any CPU
		{A7F41D46-F147-4CCE-B030-CC0247677FE1}.Release|Any CPU.ActiveCfg = Release|Any CPU
		{A7F41D46-F147-4CCE-B030-CC0247677FE1}.Release|Any CPU.Build.0 = Release|Any CPU
	EndGlobalSection
	GlobalSection(SolutionProperties) = preSolution
		HideSolutionNode = FALSE
	EndGlobalSection
	GlobalSection(ExtensibilityGlobals) = postSolution
		SolutionGuid = {2838F865-0F23-4E08-BC97-DF7A5F52CF4E}
	EndGlobalSection
EndGlobal
