
Microsoft Visual Studio Solution File, Format Version 12.00
# Visual Studio Version 17
VisualStudioVersion = 17.0.31903.59
MinimumVisualStudioVersion = 10.0.40219.1
Project("{FAE04EC0-301F-11D3-BF4B-00C04F79EFBC}") = "Furniture", "Furniture\Furniture.csproj", "{221595D6-0BAD-4E61-B75A-44C9963E2B94}"
EndProject
Project("{FAE04EC0-301F-11D3-BF4B-00C04F79EFBC}") = "Race", "Race\Race.csproj", "{6DF42B03-09C2-4247-A018-61FCEAD4245A}"
EndProject
Global
	GlobalSection(SolutionConfigurationPlatforms) = preSolution
		Debug|Any CPU = Debug|Any CPU
		Release|Any CPU = Release|Any CPU
	EndGlobalSection
	GlobalSection(ProjectConfigurationPlatforms) = postSolution
		{221595D6-0BAD-4E61-B75A-44C9963E2B94}.Debug|Any CPU.ActiveCfg = Debug|Any CPU
		{221595D6-0BAD-4E61-B75A-44C9963E2B94}.Debug|Any CPU.Build.0 = Debug|Any CPU
		{221595D6-0BAD-4E61-B75A-44C9963E2B94}.Release|Any CPU.ActiveCfg = Release|Any CPU
		{221595D6-0BAD-4E61-B75A-44C9963E2B94}.Release|Any CPU.Build.0 = Release|Any CPU
		{6DF42B03-09C2-4247-A018-61FCEAD4245A}.Debug|Any CPU.ActiveCfg = Debug|Any CPU
		{6DF42B03-09C2-4247-A018-61FCEAD4245A}.Debug|Any CPU.Build.0 = Debug|Any CPU
		{6DF42B03-09C2-4247-A018-61FCEAD4245A}.Release|Any CPU.ActiveCfg = Release|Any CPU
		{6DF42B03-09C2-4247-A018-61FCEAD4245A}.Release|Any CPU.Build.0 = Release|Any CPU
	EndGlobalSection
	GlobalSection(SolutionProperties) = preSolution
		HideSolutionNode = FALSE
	EndGlobalSection
	GlobalSection(ExtensibilityGlobals) = postSolution
		SolutionGuid = {F717EF4A-5289-4D69-9728-4BBBC55D397B}
	EndGlobalSection
EndGlobal
