
Microsoft Visual Studio Solution File, Format Version 12.00
# Visual Studio Version 17
VisualStudioVersion = 17.0.31903.59
MinimumVisualStudioVersion = 10.0.40219.1
Project("{9A19103F-16F7-4668-BE54-9A1E7A4F7556}") = "Stealer", "Stealer\Stealer.csproj", "{35D37189-0459-405F-8DAF-ABBAB1D9B770}"
EndProject
Project("{9A19103F-16F7-4668-BE54-9A1E7A4F7556}") = "High-Quality Mistakes", "High-Quality Mistakes\High-Quality Mistakes.csproj", "{AE652504-5FB9-40BD-9541-C096308E32FD}"
EndProject
Project("{FAE04EC0-301F-11D3-BF4B-00C04F79EFBC}") = "Mission Private Impossible", "Mission Private Impossible\Mission Private Impossible.csproj", "{C8BFA879-2BE5-4A6C-AF2E-C32962A53E9E}"
EndProject
Project("{FAE04EC0-301F-11D3-BF4B-00C04F79EFBC}") = "Collector", "Collector\Collector.csproj", "{9B31AE74-C098-412E-BC6E-E2F1F6DA8BD5}"
EndProject
Project("{FAE04EC0-301F-11D3-BF4B-00C04F79EFBC}") = "CreateAtribute", "CreateAtribute\CreateAtribute.csproj", "{B67B8E4F-DA3D-436F-A53F-EFCEBB059067}"
EndProject
Project("{FAE04EC0-301F-11D3-BF4B-00C04F79EFBC}") = "Code Tracker", "Code Tracker\Code Tracker.csproj", "{1C98AD98-835C-4C6F-9DE9-ADE0BBF1CE18}"
EndProject
Global
	GlobalSection(SolutionConfigurationPlatforms) = preSolution
		Debug|Any CPU = Debug|Any CPU
		Release|Any CPU = Release|Any CPU
	EndGlobalSection
	GlobalSection(ProjectConfigurationPlatforms) = postSolution
		{35D37189-0459-405F-8DAF-ABBAB1D9B770}.Debug|Any CPU.ActiveCfg = Debug|Any CPU
		{35D37189-0459-405F-8DAF-ABBAB1D9B770}.Debug|Any CPU.Build.0 = Debug|Any CPU
		{35D37189-0459-405F-8DAF-ABBAB1D9B770}.Release|Any CPU.ActiveCfg = Release|Any CPU
		{35D37189-0459-405F-8DAF-ABBAB1D9B770}.Release|Any CPU.Build.0 = Release|Any CPU
		{AE652504-5FB9-40BD-9541-C096308E32FD}.Debug|Any CPU.ActiveCfg = Debug|Any CPU
		{AE652504-5FB9-40BD-9541-C096308E32FD}.Debug|Any CPU.Build.0 = Debug|Any CPU
		{AE652504-5FB9-40BD-9541-C096308E32FD}.Release|Any CPU.ActiveCfg = Release|Any CPU
		{AE652504-5FB9-40BD-9541-C096308E32FD}.Release|Any CPU.Build.0 = Release|Any CPU
		{C8BFA879-2BE5-4A6C-AF2E-C32962A53E9E}.Debug|Any CPU.ActiveCfg = Debug|Any CPU
		{C8BFA879-2BE5-4A6C-AF2E-C32962A53E9E}.Debug|Any CPU.Build.0 = Debug|Any CPU
		{C8BFA879-2BE5-4A6C-AF2E-C32962A53E9E}.Release|Any CPU.ActiveCfg = Release|Any CPU
		{C8BFA879-2BE5-4A6C-AF2E-C32962A53E9E}.Release|Any CPU.Build.0 = Release|Any CPU
		{9B31AE74-C098-412E-BC6E-E2F1F6DA8BD5}.Debug|Any CPU.ActiveCfg = Debug|Any CPU
		{9B31AE74-C098-412E-BC6E-E2F1F6DA8BD5}.Debug|Any CPU.Build.0 = Debug|Any CPU
		{9B31AE74-C098-412E-BC6E-E2F1F6DA8BD5}.Release|Any CPU.ActiveCfg = Release|Any CPU
		{9B31AE74-C098-412E-BC6E-E2F1F6DA8BD5}.Release|Any CPU.Build.0 = Release|Any CPU
		{B67B8E4F-DA3D-436F-A53F-EFCEBB059067}.Debug|Any CPU.ActiveCfg = Debug|Any CPU
		{B67B8E4F-DA3D-436F-A53F-EFCEBB059067}.Debug|Any CPU.Build.0 = Debug|Any CPU
		{B67B8E4F-DA3D-436F-A53F-EFCEBB059067}.Release|Any CPU.ActiveCfg = Release|Any CPU
		{B67B8E4F-DA3D-436F-A53F-EFCEBB059067}.Release|Any CPU.Build.0 = Release|Any CPU
		{1C98AD98-835C-4C6F-9DE9-ADE0BBF1CE18}.Debug|Any CPU.ActiveCfg = Debug|Any CPU
		{1C98AD98-835C-4C6F-9DE9-ADE0BBF1CE18}.Debug|Any CPU.Build.0 = Debug|Any CPU
		{1C98AD98-835C-4C6F-9DE9-ADE0BBF1CE18}.Release|Any CPU.ActiveCfg = Release|Any CPU
		{1C98AD98-835C-4C6F-9DE9-ADE0BBF1CE18}.Release|Any CPU.Build.0 = Release|Any CPU
	EndGlobalSection
	GlobalSection(SolutionProperties) = preSolution
		HideSolutionNode = FALSE
	EndGlobalSection
	GlobalSection(ExtensibilityGlobals) = postSolution
		SolutionGuid = {1B94AD27-AF4C-4A18-A5F0-1BE164F3148D}
	EndGlobalSection
EndGlobal
