
Microsoft Visual Studio Solution File, Format Version 12.00
# Visual Studio Version 17
VisualStudioVersion = 17.0.31903.59
MinimumVisualStudioVersion = 10.0.40219.1
Project("{FAE04EC0-301F-11D3-BF4B-00C04F79EFBC}") = "Command Pattern", "Command Pattern\Command Pattern.csproj", "{F778EBA4-E0F3-439F-8798-86A3EF18DEDF}"
EndProject
Global
	GlobalSection(SolutionConfigurationPlatforms) = preSolution
		Debug|Any CPU = Debug|Any CPU
		Release|Any CPU = Release|Any CPU
	EndGlobalSection
	GlobalSection(ProjectConfigurationPlatforms) = postSolution
		{F778EBA4-E0F3-439F-8798-86A3EF18DEDF}.Debug|Any CPU.ActiveCfg = Debug|Any CPU
		{F778EBA4-E0F3-439F-8798-86A3EF18DEDF}.Debug|Any CPU.Build.0 = Debug|Any CPU
		{F778EBA4-E0F3-439F-8798-86A3EF18DEDF}.Release|Any CPU.ActiveCfg = Release|Any CPU
		{F778EBA4-E0F3-439F-8798-86A3EF18DEDF}.Release|Any CPU.Build.0 = Release|Any CPU
	EndGlobalSection
	GlobalSection(SolutionProperties) = preSolution
		HideSolutionNode = FALSE
	EndGlobalSection
	GlobalSection(ExtensibilityGlobals) = postSolution
		SolutionGuid = {64355A0D-C6A3-4B23-A816-843A25AEF64C}
	EndGlobalSection
EndGlobal
