
Microsoft Visual Studio Solution File, Format Version 12.00
# Visual Studio Version 17
VisualStudioVersion = 17.0.31903.59
MinimumVisualStudioVersion = 10.0.40219.1
Project("{FAE04EC0-301F-11D3-BF4B-00C04F79EFBC}") = "Counter-Strike", "Counter-Strike\Counter-Strike.csproj", "{48ED42D8-4070-419A-9160-6AE7C3E605E0}"
EndProject
Project("{FAE04EC0-301F-11D3-BF4B-00C04F79EFBC}") = "Shoot for the Win", "Shoot for the Win\Shoot for the Win.csproj", "{5B1BAE50-67D2-4CC1-B1C9-F7918183A861}"
EndProject
Project("{FAE04EC0-301F-11D3-BF4B-00C04F79EFBC}") = "Moving Target", "Moving Target\Moving Target.csproj", "{EB7BACF0-06E1-4187-A17E-BFC8BE5521EA}"
EndProject
Global
	GlobalSection(SolutionConfigurationPlatforms) = preSolution
		Debug|Any CPU = Debug|Any CPU
		Release|Any CPU = Release|Any CPU
	EndGlobalSection
	GlobalSection(ProjectConfigurationPlatforms) = postSolution
		{48ED42D8-4070-419A-9160-6AE7C3E605E0}.Debug|Any CPU.ActiveCfg = Debug|Any CPU
		{48ED42D8-4070-419A-9160-6AE7C3E605E0}.Debug|Any CPU.Build.0 = Debug|Any CPU
		{48ED42D8-4070-419A-9160-6AE7C3E605E0}.Release|Any CPU.ActiveCfg = Release|Any CPU
		{48ED42D8-4070-419A-9160-6AE7C3E605E0}.Release|Any CPU.Build.0 = Release|Any CPU
		{5B1BAE50-67D2-4CC1-B1C9-F7918183A861}.Debug|Any CPU.ActiveCfg = Debug|Any CPU
		{5B1BAE50-67D2-4CC1-B1C9-F7918183A861}.Debug|Any CPU.Build.0 = Debug|Any CPU
		{5B1BAE50-67D2-4CC1-B1C9-F7918183A861}.Release|Any CPU.ActiveCfg = Release|Any CPU
		{5B1BAE50-67D2-4CC1-B1C9-F7918183A861}.Release|Any CPU.Build.0 = Release|Any CPU
		{EB7BACF0-06E1-4187-A17E-BFC8BE5521EA}.Debug|Any CPU.ActiveCfg = Debug|Any CPU
		{EB7BACF0-06E1-4187-A17E-BFC8BE5521EA}.Debug|Any CPU.Build.0 = Debug|Any CPU
		{EB7BACF0-06E1-4187-A17E-BFC8BE5521EA}.Release|Any CPU.ActiveCfg = Release|Any CPU
		{EB7BACF0-06E1-4187-A17E-BFC8BE5521EA}.Release|Any CPU.Build.0 = Release|Any CPU
	EndGlobalSection
	GlobalSection(SolutionProperties) = preSolution
		HideSolutionNode = FALSE
	EndGlobalSection
	GlobalSection(ExtensibilityGlobals) = postSolution
		SolutionGuid = {8E56074A-3074-453D-AB2B-89B293800E51}
	EndGlobalSection
EndGlobal
