
Microsoft Visual Studio Solution File, Format Version 12.00
# Visual Studio Version 17
VisualStudioVersion = 17.0.31903.59
MinimumVisualStudioVersion = 10.0.40219.1
Project("{9A19103F-16F7-4668-BE54-9A1E7A4F7556}") = "AnimalFarm", "AnimalFarm\AnimalFarm\AnimalFarm.csproj", "{C5E66127-3EAB-4375-89E6-A30E14399CFD}"
EndProject
Project("{9A19103F-16F7-4668-BE54-9A1E7A4F7556}") = "ClassBoxData", "Class Box Data\ClassBoxData.csproj", "{14DE8A35-7341-4376-91D8-4F3997C68E9E}"
EndProject
Project("{FAE04EC0-301F-11D3-BF4B-00C04F79EFBC}") = "Shopping Spree", "Shopping Spree\Shopping Spree.csproj", "{7A337547-51CC-4016-BF8C-AF759D3B210D}"
EndProject
Global
	GlobalSection(SolutionConfigurationPlatforms) = preSolution
		Debug|Any CPU = Debug|Any CPU
		Release|Any CPU = Release|Any CPU
	EndGlobalSection
	GlobalSection(ProjectConfigurationPlatforms) = postSolution
		{C5E66127-3EAB-4375-89E6-A30E14399CFD}.Debug|Any CPU.ActiveCfg = Debug|Any CPU
		{C5E66127-3EAB-4375-89E6-A30E14399CFD}.Debug|Any CPU.Build.0 = Debug|Any CPU
		{C5E66127-3EAB-4375-89E6-A30E14399CFD}.Release|Any CPU.ActiveCfg = Release|Any CPU
		{C5E66127-3EAB-4375-89E6-A30E14399CFD}.Release|Any CPU.Build.0 = Release|Any CPU
		{14DE8A35-7341-4376-91D8-4F3997C68E9E}.Debug|Any CPU.ActiveCfg = Debug|Any CPU
		{14DE8A35-7341-4376-91D8-4F3997C68E9E}.Debug|Any CPU.Build.0 = Debug|Any CPU
		{14DE8A35-7341-4376-91D8-4F3997C68E9E}.Release|Any CPU.ActiveCfg = Release|Any CPU
		{14DE8A35-7341-4376-91D8-4F3997C68E9E}.Release|Any CPU.Build.0 = Release|Any CPU
		{7A337547-51CC-4016-BF8C-AF759D3B210D}.Debug|Any CPU.ActiveCfg = Debug|Any CPU
		{7A337547-51CC-4016-BF8C-AF759D3B210D}.Debug|Any CPU.Build.0 = Debug|Any CPU
		{7A337547-51CC-4016-BF8C-AF759D3B210D}.Release|Any CPU.ActiveCfg = Release|Any CPU
		{7A337547-51CC-4016-BF8C-AF759D3B210D}.Release|Any CPU.Build.0 = Release|Any CPU
	EndGlobalSection
	GlobalSection(SolutionProperties) = preSolution
		HideSolutionNode = FALSE
	EndGlobalSection
	GlobalSection(ExtensibilityGlobals) = postSolution
		SolutionGuid = {C03639DF-A56B-49C4-A54E-8A2C44793EBF}
	EndGlobalSection
EndGlobal
