
Microsoft Visual Studio Solution File, Format Version 12.00
# Visual Studio Version 17
VisualStudioVersion = 17.0.31903.59
MinimumVisualStudioVersion = 10.0.40219.1
Project("{9A19103F-16F7-4668-BE54-9A1E7A4F7556}") = "Even Lines", "Even Lines\Even Lines.csproj", "{923B31B6-F10D-4C20-906B-FAC0DCC8ED9C}"
EndProject
Project("{9A19103F-16F7-4668-BE54-9A1E7A4F7556}") = "Line Numbers", "Line Numbers\Line Numbers.csproj", "{AC7EF4B0-3490-459A-B5CC-CCC6AD812CFA}"
EndProject
Project("{9A19103F-16F7-4668-BE54-9A1E7A4F7556}") = "CopyBinaryFile", "CopyBinaryFile\CopyBinaryFile.csproj", "{98779EC3-CFA3-4EF4-BB91-B8D78DE598E5}"
EndProject
Project("{FAE04EC0-301F-11D3-BF4B-00C04F79EFBC}") = "Directory Traversal", "Directory Traversal\Directory Traversal.csproj", "{30F12DDB-B862-465A-8077-01DC686EF83A}"
EndProject
Project("{FAE04EC0-301F-11D3-BF4B-00C04F79EFBC}") = "Copy Directory", "Copy Directory\Copy Directory.csproj", "{9DF8B81B-13C3-4C4F-9DC9-A1CCF860D7F1}"
EndProject
Global
	GlobalSection(SolutionConfigurationPlatforms) = preSolution
		Debug|Any CPU = Debug|Any CPU
		Release|Any CPU = Release|Any CPU
	EndGlobalSection
	GlobalSection(ProjectConfigurationPlatforms) = postSolution
		{923B31B6-F10D-4C20-906B-FAC0DCC8ED9C}.Debug|Any CPU.ActiveCfg = Debug|Any CPU
		{923B31B6-F10D-4C20-906B-FAC0DCC8ED9C}.Debug|Any CPU.Build.0 = Debug|Any CPU
		{923B31B6-F10D-4C20-906B-FAC0DCC8ED9C}.Release|Any CPU.ActiveCfg = Release|Any CPU
		{923B31B6-F10D-4C20-906B-FAC0DCC8ED9C}.Release|Any CPU.Build.0 = Release|Any CPU
		{AC7EF4B0-3490-459A-B5CC-CCC6AD812CFA}.Debug|Any CPU.ActiveCfg = Debug|Any CPU
		{AC7EF4B0-3490-459A-B5CC-CCC6AD812CFA}.Debug|Any CPU.Build.0 = Debug|Any CPU
		{AC7EF4B0-3490-459A-B5CC-CCC6AD812CFA}.Release|Any CPU.ActiveCfg = Release|Any CPU
		{AC7EF4B0-3490-459A-B5CC-CCC6AD812CFA}.Release|Any CPU.Build.0 = Release|Any CPU
		{98779EC3-CFA3-4EF4-BB91-B8D78DE598E5}.Debug|Any CPU.ActiveCfg = Debug|Any CPU
		{98779EC3-CFA3-4EF4-BB91-B8D78DE598E5}.Debug|Any CPU.Build.0 = Debug|Any CPU
		{98779EC3-CFA3-4EF4-BB91-B8D78DE598E5}.Release|Any CPU.ActiveCfg = Release|Any CPU
		{98779EC3-CFA3-4EF4-BB91-B8D78DE598E5}.Release|Any CPU.Build.0 = Release|Any CPU
		{30F12DDB-B862-465A-8077-01DC686EF83A}.Debug|Any CPU.ActiveCfg = Debug|Any CPU
		{30F12DDB-B862-465A-8077-01DC686EF83A}.Debug|Any CPU.Build.0 = Debug|Any CPU
		{30F12DDB-B862-465A-8077-01DC686EF83A}.Release|Any CPU.ActiveCfg = Release|Any CPU
		{30F12DDB-B862-465A-8077-01DC686EF83A}.Release|Any CPU.Build.0 = Release|Any CPU
		{9DF8B81B-13C3-4C4F-9DC9-A1CCF860D7F1}.Debug|Any CPU.ActiveCfg = Debug|Any CPU
		{9DF8B81B-13C3-4C4F-9DC9-A1CCF860D7F1}.Debug|Any CPU.Build.0 = Debug|Any CPU
		{9DF8B81B-13C3-4C4F-9DC9-A1CCF860D7F1}.Release|Any CPU.ActiveCfg = Release|Any CPU
		{9DF8B81B-13C3-4C4F-9DC9-A1CCF860D7F1}.Release|Any CPU.Build.0 = Release|Any CPU
	EndGlobalSection
	GlobalSection(SolutionProperties) = preSolution
		HideSolutionNode = FALSE
	EndGlobalSection
	GlobalSection(ExtensibilityGlobals) = postSolution
		SolutionGuid = {4F076098-5466-479E-A1AA-FA6B01C10757}
	EndGlobalSection
EndGlobal
