
Microsoft Visual Studio Solution File, Format Version 12.00
# Visual Studio Version 17
VisualStudioVersion = 17.0.31903.59
MinimumVisualStudioVersion = 10.0.40219.1
Project("{FAE04EC0-301F-11D3-BF4B-00C04F79EFBC}") = "ConsoleApp3", "ConsoleApp3\ConsoleApp3.csproj", "{1886466B-33D1-47BD-87C3-049858F73BA7}"
EndProject
Global
	GlobalSection(SolutionConfigurationPlatforms) = preSolution
		Debug|Any CPU = Debug|Any CPU
		Release|Any CPU = Release|Any CPU
	EndGlobalSection
	GlobalSection(ProjectConfigurationPlatforms) = postSolution
		{1886466B-33D1-47BD-87C3-049858F73BA7}.Debug|Any CPU.ActiveCfg = Debug|Any CPU
		{1886466B-33D1-47BD-87C3-049858F73BA7}.Debug|Any CPU.Build.0 = Debug|Any CPU
		{1886466B-33D1-47BD-87C3-049858F73BA7}.Release|Any CPU.ActiveCfg = Release|Any CPU
		{1886466B-33D1-47BD-87C3-049858F73BA7}.Release|Any CPU.Build.0 = Release|Any CPU
	EndGlobalSection
	GlobalSection(SolutionProperties) = preSolution
		HideSolutionNode = FALSE
	EndGlobalSection
	GlobalSection(ExtensibilityGlobals) = postSolution
		SolutionGuid = {EB78C72C-9D13-4750-889C-C0BE5C34D9B8}
	EndGlobalSection
EndGlobal
