
Microsoft Visual Studio Solution File, Format Version 12.00
# Visual Studio Version 17
VisualStudioVersion = 17.0.31903.59
MinimumVisualStudioVersion = 10.0.40219.1
Project("{9A19103F-16F7-4668-BE54-9A1E7A4F7556}") = "The Imitation Game", "The Imitation Game\The Imitation Game.csproj", "{C3664A14-6458-4C65-8177-5F8230A5D71D}"
EndProject
Project("{FAE04EC0-301F-11D3-BF4B-00C04F79EFBC}") = "Ad Astra", "Ad Astra\Ad Astra.csproj", "{27189CE1-36E6-4BCB-B67F-B2211F01E51C}"
EndProject
Project("{FAE04EC0-301F-11D3-BF4B-00C04F79EFBC}") = "The Pianist", "The Pianist\The Pianist.csproj", "{B57306B9-A78E-4E7A-AB56-D5D92D8A7D01}"
EndProject
Global
	GlobalSection(SolutionConfigurationPlatforms) = preSolution
		Debug|Any CPU = Debug|Any CPU
		Release|Any CPU = Release|Any CPU
	EndGlobalSection
	GlobalSection(ProjectConfigurationPlatforms) = postSolution
		{C3664A14-6458-4C65-8177-5F8230A5D71D}.Debug|Any CPU.ActiveCfg = Debug|Any CPU
		{C3664A14-6458-4C65-8177-5F8230A5D71D}.Debug|Any CPU.Build.0 = Debug|Any CPU
		{C3664A14-6458-4C65-8177-5F8230A5D71D}.Release|Any CPU.ActiveCfg = Release|Any CPU
		{C3664A14-6458-4C65-8177-5F8230A5D71D}.Release|Any CPU.Build.0 = Release|Any CPU
		{27189CE1-36E6-4BCB-B67F-B2211F01E51C}.Debug|Any CPU.ActiveCfg = Debug|Any CPU
		{27189CE1-36E6-4BCB-B67F-B2211F01E51C}.Debug|Any CPU.Build.0 = Debug|Any CPU
		{27189CE1-36E6-4BCB-B67F-B2211F01E51C}.Release|Any CPU.ActiveCfg = Release|Any CPU
		{27189CE1-36E6-4BCB-B67F-B2211F01E51C}.Release|Any CPU.Build.0 = Release|Any CPU
		{B57306B9-A78E-4E7A-AB56-D5D92D8A7D01}.Debug|Any CPU.ActiveCfg = Debug|Any CPU
		{B57306B9-A78E-4E7A-AB56-D5D92D8A7D01}.Debug|Any CPU.Build.0 = Debug|Any CPU
		{B57306B9-A78E-4E7A-AB56-D5D92D8A7D01}.Release|Any CPU.ActiveCfg = Release|Any CPU
		{B57306B9-A78E-4E7A-AB56-D5D92D8A7D01}.Release|Any CPU.Build.0 = Release|Any CPU
	EndGlobalSection
	GlobalSection(SolutionProperties) = preSolution
		HideSolutionNode = FALSE
	EndGlobalSection
	GlobalSection(ExtensibilityGlobals) = postSolution
		SolutionGuid = {3AC32A1F-AAE9-4FA6-9C42-8C24B67EFAC0}
	EndGlobalSection
EndGlobal
