
Microsoft Visual Studio Solution File, Format Version 12.00
# Visual Studio Version 17
VisualStudioVersion = 17.0.31903.59
MinimumVisualStudioVersion = 10.0.40219.1
Project("{FAE04EC0-301F-11D3-BF4B-00C04F79EFBC}") = "Box", "Box\Box.csproj", "{6F0C3E47-45AB-47F3-ACC1-577E645E3FEB}"
EndProject
Global
	GlobalSection(SolutionConfigurationPlatforms) = preSolution
		Debug|Any CPU = Debug|Any CPU
		Release|Any CPU = Release|Any CPU
	EndGlobalSection
	GlobalSection(ProjectConfigurationPlatforms) = postSolution
		{6F0C3E47-45AB-47F3-ACC1-577E645E3FEB}.Debug|Any CPU.ActiveCfg = Debug|Any CPU
		{6F0C3E47-45AB-47F3-ACC1-577E645E3FEB}.Debug|Any CPU.Build.0 = Debug|Any CPU
		{6F0C3E47-45AB-47F3-ACC1-577E645E3FEB}.Release|Any CPU.ActiveCfg = Release|Any CPU
		{6F0C3E47-45AB-47F3-ACC1-577E645E3FEB}.Release|Any CPU.Build.0 = Release|Any CPU
	EndGlobalSection
	GlobalSection(SolutionProperties) = preSolution
		HideSolutionNode = FALSE
	EndGlobalSection
	GlobalSection(ExtensibilityGlobals) = postSolution
		SolutionGuid = {A68C3497-D0F3-41C3-9181-FE4813FAB3A7}
	EndGlobalSection
EndGlobal
